// !$*UTF8*$!
{
	archiveVersion = 1;
	classes = {
	};
	objectVersion = 46;
	objects = {

/* Begin PBXBuildFile section */
		652530D81E948B12002E9203 /* AFNViewController.m in Sources */ = {isa = PBXBuildFile; fileRef = 652530D71E948B12002E9203 /* AFNViewController.m */; };
		652530DD1E971CA0002E9203 /* AuthorityViewController.m in Sources */ = {isa = PBXBuildFile; fileRef = 652530DB1E971CA0002E9203 /* AuthorityViewController.m */; };
		652530DE1E971CA0002E9203 /* AuthorityViewController.xib in Resources */ = {isa = PBXBuildFile; fileRef = 652530DC1E971CA0002E9203 /* AuthorityViewController.xib */; };
		652530E01E97209E002E9203 /* CoreTelephony.framework in Frameworks */ = {isa = PBXBuildFile; fileRef = 652530DF1E97209E002E9203 /* CoreTelephony.framework */; };
		652530E21E9760EC002E9203 /* SystemConfiguration.framework in Frameworks */ = {isa = PBXBuildFile; fileRef = 652530E11E9760EC002E9203 /* SystemConfiguration.framework */; };
		6554FC3B1EB0397300ECD0D2 /* DataTaskViewController.m in Sources */ = {isa = PBXBuildFile; fileRef = 6554FC321EB0397300ECD0D2 /* DataTaskViewController.m */; };
		6554FC3C1EB0397300ECD0D2 /* DownloadTaskViewController.m in Sources */ = {isa = PBXBuildFile; fileRef = 6554FC341EB0397300ECD0D2 /* DownloadTaskViewController.m */; };
		6554FC3D1EB0397300ECD0D2 /* UploadDataViewController.m in Sources */ = {isa = PBXBuildFile; fileRef = 6554FC361EB0397300ECD0D2 /* UploadDataViewController.m */; };
		6554FC3E1EB0397300ECD0D2 /* UploadImageReturnViewController.m in Sources */ = {isa = PBXBuildFile; fileRef = 6554FC381EB0397300ECD0D2 /* UploadImageReturnViewController.m */; };
		6554FC3F1EB0397300ECD0D2 /* UploadImageViewController.m in Sources */ = {isa = PBXBuildFile; fileRef = 6554FC3A1EB0397300ECD0D2 /* UploadImageViewController.m */; };
		655BA6DC1E836F1E006EB28B /* QuartzCore.framework in Frameworks */ = {isa = PBXBuildFile; fileRef = 655BA6DB1E836F1E006EB28B /* QuartzCore.framework */; };
		6585D5421EB05C1E00BACA41 /* 1.png in Resources */ = {isa = PBXBuildFile; fileRef = 6585D5411EB05C1E00BACA41 /* 1.png */; };
		65ACE8AA1EA6F59300BE7ED6 /* PersonVO.m in Sources */ = {isa = PBXBuildFile; fileRef = 65ACE8A71EA6F59300BE7ED6 /* PersonVO.m */; };
		65ACE8AB1EA6F59300BE7ED6 /* ViewController.m in Sources */ = {isa = PBXBuildFile; fileRef = 65ACE8A91EA6F59300BE7ED6 /* ViewController.m */; };
		65ACE8AF1EA6FB1D00BE7ED6 /* MainViewController.m in Sources */ = {isa = PBXBuildFile; fileRef = 65ACE8AD1EA6FB1D00BE7ED6 /* MainViewController.m */; };
		65ACE8B01EA6FB1D00BE7ED6 /* MainViewController.xib in Resources */ = {isa = PBXBuildFile; fileRef = 65ACE8AE1EA6FB1D00BE7ED6 /* MainViewController.xib */; };
		65C56E341E668A040052F9F3 /* main.m in Sources */ = {isa = PBXBuildFile; fileRef = 65C56E331E668A040052F9F3 /* main.m */; };
		65C56E371E668A040052F9F3 /* AppDelegate.m in Sources */ = {isa = PBXBuildFile; fileRef = 65C56E361E668A040052F9F3 /* AppDelegate.m */; };
		65C56E3D1E668A050052F9F3 /* Main.storyboard in Resources */ = {isa = PBXBuildFile; fileRef = 65C56E3B1E668A050052F9F3 /* Main.storyboard */; };
		65C56E3F1E668A060052F9F3 /* Assets.xcassets in Resources */ = {isa = PBXBuildFile; fileRef = 65C56E3E1E668A060052F9F3 /* Assets.xcassets */; };
		65C56E421E668A060052F9F3 /* LaunchScreen.storyboard in Resources */ = {isa = PBXBuildFile; fileRef = 65C56E401E668A060052F9F3 /* LaunchScreen.storyboard */; };
		727FAC6C6354255C992BD100 /* libPods-ClassTest.a in Frameworks */ = {isa = PBXBuildFile; fileRef = 29AF34B2180AAB31E054C71E /* libPods-ClassTest.a */; };
		90DCB0291EBC213A00AD2546 /* ViewController1.m in Sources */ = {isa = PBXBuildFile; fileRef = 90DCB0251EBC213A00AD2546 /* ViewController1.m */; };
		90DCB02A1EBC213A00AD2546 /* WATableViewCell.m in Sources */ = {isa = PBXBuildFile; fileRef = 90DCB0271EBC213A00AD2546 /* WATableViewCell.m */; };
		90DCB02B1EBC213A00AD2546 /* WATableViewCell.xib in Resources */ = {isa = PBXBuildFile; fileRef = 90DCB0281EBC213A00AD2546 /* WATableViewCell.xib */; };
		90DCB0321EBC216B00AD2546 /* myLabel.m in Sources */ = {isa = PBXBuildFile; fileRef = 90DCB02E1EBC216B00AD2546 /* myLabel.m */; };
		90DCB0331EBC216B00AD2546 /* UITextViewController.m in Sources */ = {isa = PBXBuildFile; fileRef = 90DCB0301EBC216B00AD2546 /* UITextViewController.m */; };
		90DCB0341EBC216B00AD2546 /* UITextViewController.xib in Resources */ = {isa = PBXBuildFile; fileRef = 90DCB0311EBC216B00AD2546 /* UITextViewController.xib */; };
/* End PBXBuildFile section */

/* Begin PBXFileReference section */
		29AF34B2180AAB31E054C71E /* libPods-ClassTest.a */ = {isa = PBXFileReference; explicitFileType = archive.ar; includeInIndex = 0; path = "libPods-ClassTest.a"; sourceTree = BUILT_PRODUCTS_DIR; };
		41656C46C90F0CE3FF399075 /* Pods-ClassTest.release.xcconfig */ = {isa = PBXFileReference; includeInIndex = 1; lastKnownFileType = text.xcconfig; name = "Pods-ClassTest.release.xcconfig"; path = "Pods/Target Support Files/Pods-ClassTest/Pods-ClassTest.release.xcconfig"; sourceTree = "<group>"; };
		4911D569D5BAD3FB13417BF7 /* Pods-ClassTest.debug.xcconfig */ = {isa = PBXFileReference; includeInIndex = 1; lastKnownFileType = text.xcconfig; name = "Pods-ClassTest.debug.xcconfig"; path = "Pods/Target Support Files/Pods-ClassTest/Pods-ClassTest.debug.xcconfig"; sourceTree = "<group>"; };
		652530D61E948B12002E9203 /* AFNViewController.h */ = {isa = PBXFileReference; fileEncoding = 4; lastKnownFileType = sourcecode.c.h; path = AFNViewController.h; sourceTree = "<group>"; };
		652530D71E948B12002E9203 /* AFNViewController.m */ = {isa = PBXFileReference; fileEncoding = 4; lastKnownFileType = sourcecode.c.objc; path = AFNViewController.m; sourceTree = "<group>"; };
		652530DA1E971CA0002E9203 /* AuthorityViewController.h */ = {isa = PBXFileReference; fileEncoding = 4; lastKnownFileType = sourcecode.c.h; path = AuthorityViewController.h; sourceTree = "<group>"; };
		652530DB1E971CA0002E9203 /* AuthorityViewController.m */ = {isa = PBXFileReference; fileEncoding = 4; lastKnownFileType = sourcecode.c.objc; path = AuthorityViewController.m; sourceTree = "<group>"; };
		652530DC1E971CA0002E9203 /* AuthorityViewController.xib */ = {isa = PBXFileReference; fileEncoding = 4; lastKnownFileType = file.xib; path = AuthorityViewController.xib; sourceTree = "<group>"; };
		652530DF1E97209E002E9203 /* CoreTelephony.framework */ = {isa = PBXFileReference; lastKnownFileType = wrapper.framework; name = CoreTelephony.framework; path = System/Library/Frameworks/CoreTelephony.framework; sourceTree = SDKROOT; };
		652530E11E9760EC002E9203 /* SystemConfiguration.framework */ = {isa = PBXFileReference; lastKnownFileType = wrapper.framework; name = SystemConfiguration.framework; path = System/Library/Frameworks/SystemConfiguration.framework; sourceTree = SDKROOT; };
		6554FC311EB0397300ECD0D2 /* DataTaskViewController.h */ = {isa = PBXFileReference; fileEncoding = 4; lastKnownFileType = sourcecode.c.h; path = DataTaskViewController.h; sourceTree = "<group>"; };
		6554FC321EB0397300ECD0D2 /* DataTaskViewController.m */ = {isa = PBXFileReference; fileEncoding = 4; lastKnownFileType = sourcecode.c.objc; path = DataTaskViewController.m; sourceTree = "<group>"; };
		6554FC331EB0397300ECD0D2 /* DownloadTaskViewController.h */ = {isa = PBXFileReference; fileEncoding = 4; lastKnownFileType = sourcecode.c.h; path = DownloadTaskViewController.h; sourceTree = "<group>"; };
		6554FC341EB0397300ECD0D2 /* DownloadTaskViewController.m */ = {isa = PBXFileReference; fileEncoding = 4; lastKnownFileType = sourcecode.c.objc; path = DownloadTaskViewController.m; sourceTree = "<group>"; };
		6554FC351EB0397300ECD0D2 /* UploadDataViewController.h */ = {isa = PBXFileReference; fileEncoding = 4; lastKnownFileType = sourcecode.c.h; path = UploadDataViewController.h; sourceTree = "<group>"; };
		6554FC361EB0397300ECD0D2 /* UploadDataViewController.m */ = {isa = PBXFileReference; fileEncoding = 4; lastKnownFileType = sourcecode.c.objc; path = UploadDataViewController.m; sourceTree = "<group>"; };
		6554FC371EB0397300ECD0D2 /* UploadImageReturnViewController.h */ = {isa = PBXFileReference; fileEncoding = 4; lastKnownFileType = sourcecode.c.h; path = UploadImageReturnViewController.h; sourceTree = "<group>"; };
		6554FC381EB0397300ECD0D2 /* UploadImageReturnViewController.m */ = {isa = PBXFileReference; fileEncoding = 4; lastKnownFileType = sourcecode.c.objc; path = UploadImageReturnViewController.m; sourceTree = "<group>"; };
		6554FC391EB0397300ECD0D2 /* UploadImageViewController.h */ = {isa = PBXFileReference; fileEncoding = 4; lastKnownFileType = sourcecode.c.h; path = UploadImageViewController.h; sourceTree = "<group>"; };
		6554FC3A1EB0397300ECD0D2 /* UploadImageViewController.m */ = {isa = PBXFileReference; fileEncoding = 4; lastKnownFileType = sourcecode.c.objc; path = UploadImageViewController.m; sourceTree = "<group>"; };
		655BA6DB1E836F1E006EB28B /* QuartzCore.framework */ = {isa = PBXFileReference; lastKnownFileType = wrapper.framework; name = QuartzCore.framework; path = System/Library/Frameworks/QuartzCore.framework; sourceTree = SDKROOT; };
		6585D5411EB05C1E00BACA41 /* 1.png */ = {isa = PBXFileReference; lastKnownFileType = image.png; name = 1.png; path = ClassTest/1.png; sourceTree = SOURCE_ROOT; };
		65ACE8A61EA6F59300BE7ED6 /* PersonVO.h */ = {isa = PBXFileReference; fileEncoding = 4; lastKnownFileType = sourcecode.c.h; path = PersonVO.h; sourceTree = "<group>"; };
		65ACE8A71EA6F59300BE7ED6 /* PersonVO.m */ = {isa = PBXFileReference; fileEncoding = 4; lastKnownFileType = sourcecode.c.objc; path = PersonVO.m; sourceTree = "<group>"; };
		65ACE8A81EA6F59300BE7ED6 /* ViewController.h */ = {isa = PBXFileReference; fileEncoding = 4; lastKnownFileType = sourcecode.c.h; path = ViewController.h; sourceTree = "<group>"; };
		65ACE8A91EA6F59300BE7ED6 /* ViewController.m */ = {isa = PBXFileReference; fileEncoding = 4; lastKnownFileType = sourcecode.c.objc; path = ViewController.m; sourceTree = "<group>"; };
		65ACE8AC1EA6FB1D00BE7ED6 /* MainViewController.h */ = {isa = PBXFileReference; fileEncoding = 4; lastKnownFileType = sourcecode.c.h; path = MainViewController.h; sourceTree = "<group>"; };
		65ACE8AD1EA6FB1D00BE7ED6 /* MainViewController.m */ = {isa = PBXFileReference; fileEncoding = 4; lastKnownFileType = sourcecode.c.objc; path = MainViewController.m; sourceTree = "<group>"; };
		65ACE8AE1EA6FB1D00BE7ED6 /* MainViewController.xib */ = {isa = PBXFileReference; fileEncoding = 4; lastKnownFileType = file.xib; path = MainViewController.xib; sourceTree = "<group>"; };
		65C56E2F1E668A030052F9F3 /* 用友CRM.app */ = {isa = PBXFileReference; explicitFileType = wrapper.application; includeInIndex = 0; path = "用友CRM.app"; sourceTree = BUILT_PRODUCTS_DIR; };
		65C56E331E668A040052F9F3 /* main.m */ = {isa = PBXFileReference; lastKnownFileType = sourcecode.c.objc; path = main.m; sourceTree = "<group>"; };
		65C56E351E668A040052F9F3 /* AppDelegate.h */ = {isa = PBXFileReference; lastKnownFileType = sourcecode.c.h; path = AppDelegate.h; sourceTree = "<group>"; };
		65C56E361E668A040052F9F3 /* AppDelegate.m */ = {isa = PBXFileReference; lastKnownFileType = sourcecode.c.objc; path = AppDelegate.m; sourceTree = "<group>"; };
		65C56E3C1E668A050052F9F3 /* Base */ = {isa = PBXFileReference; lastKnownFileType = file.storyboard; name = Base; path = Base.lproj/Main.storyboard; sourceTree = "<group>"; };
		65C56E3E1E668A060052F9F3 /* Assets.xcassets */ = {isa = PBXFileReference; lastKnownFileType = folder.assetcatalog; path = Assets.xcassets; sourceTree = "<group>"; };
		65C56E411E668A060052F9F3 /* Base */ = {isa = PBXFileReference; lastKnownFileType = file.storyboard; name = Base; path = Base.lproj/LaunchScreen.storyboard; sourceTree = "<group>"; };
		65C56E431E668A060052F9F3 /* Info.plist */ = {isa = PBXFileReference; lastKnownFileType = text.plist.xml; path = Info.plist; sourceTree = "<group>"; };
		90DCB0241EBC213A00AD2546 /* ViewController1.h */ = {isa = PBXFileReference; fileEncoding = 4; lastKnownFileType = sourcecode.c.h; path = ViewController1.h; sourceTree = "<group>"; };
		90DCB0251EBC213A00AD2546 /* ViewController1.m */ = {isa = PBXFileReference; fileEncoding = 4; lastKnownFileType = sourcecode.c.objc; path = ViewController1.m; sourceTree = "<group>"; };
		90DCB0261EBC213A00AD2546 /* WATableViewCell.h */ = {isa = PBXFileReference; fileEncoding = 4; lastKnownFileType = sourcecode.c.h; path = WATableViewCell.h; sourceTree = "<group>"; };
		90DCB0271EBC213A00AD2546 /* WATableViewCell.m */ = {isa = PBXFileReference; fileEncoding = 4; lastKnownFileType = sourcecode.c.objc; path = WATableViewCell.m; sourceTree = "<group>"; };
		90DCB0281EBC213A00AD2546 /* WATableViewCell.xib */ = {isa = PBXFileReference; fileEncoding = 4; lastKnownFileType = file.xib; path = WATableViewCell.xib; sourceTree = "<group>"; };
		90DCB02D1EBC216B00AD2546 /* myLabel.h */ = {isa = PBXFileReference; fileEncoding = 4; lastKnownFileType = sourcecode.c.h; path = myLabel.h; sourceTree = "<group>"; };
		90DCB02E1EBC216B00AD2546 /* myLabel.m */ = {isa = PBXFileReference; fileEncoding = 4; lastKnownFileType = sourcecode.c.objc; path = myLabel.m; sourceTree = "<group>"; };
		90DCB02F1EBC216B00AD2546 /* UITextViewController.h */ = {isa = PBXFileReference; fileEncoding = 4; lastKnownFileType = sourcecode.c.h; path = UITextViewController.h; sourceTree = "<group>"; };
		90DCB0301EBC216B00AD2546 /* UITextViewController.m */ = {isa = PBXFileReference; fileEncoding = 4; lastKnownFileType = sourcecode.c.objc; path = UITextViewController.m; sourceTree = "<group>"; };
		90DCB0311EBC216B00AD2546 /* UITextViewController.xib */ = {isa = PBXFileReference; fileEncoding = 4; lastKnownFileType = file.xib; path = UITextViewController.xib; sourceTree = "<group>"; };
/* End PBXFileReference section */

/* Begin PBXFrameworksBuildPhase section */
		65C56E2C1E668A030052F9F3 /* Frameworks */ = {
			isa = PBXFrameworksBuildPhase;
			buildActionMask = 2147483647;
			files = (
				652530E21E9760EC002E9203 /* SystemConfiguration.framework in Frameworks */,
				652530E01E97209E002E9203 /* CoreTelephony.framework in Frameworks */,
				655BA6DC1E836F1E006EB28B /* QuartzCore.framework in Frameworks */,
				727FAC6C6354255C992BD100 /* libPods-ClassTest.a in Frameworks */,
			);
			runOnlyForDeploymentPostprocessing = 0;
		};
/* End PBXFrameworksBuildPhase section */

/* Begin PBXGroup section */
		652530D51E948AE6002E9203 /* AFNTest */ = {
			isa = PBXGroup;
			children = (
				652530D61E948B12002E9203 /* AFNViewController.h */,
				652530D71E948B12002E9203 /* AFNViewController.m */,
			);
			path = AFNTest;
			sourceTree = "<group>";
		};
		652530D91E971BFC002E9203 /* AuthorityTest */ = {
			isa = PBXGroup;
			children = (
				652530DA1E971CA0002E9203 /* AuthorityViewController.h */,
				652530DB1E971CA0002E9203 /* AuthorityViewController.m */,
				652530DC1E971CA0002E9203 /* AuthorityViewController.xib */,
			);
			path = AuthorityTest;
			sourceTree = "<group>";
		};
		6554FC301EB0397300ECD0D2 /* NSURLSession */ = {
			isa = PBXGroup;
			children = (
				6554FC311EB0397300ECD0D2 /* DataTaskViewController.h */,
				6554FC321EB0397300ECD0D2 /* DataTaskViewController.m */,
				6554FC331EB0397300ECD0D2 /* DownloadTaskViewController.h */,
				6554FC341EB0397300ECD0D2 /* DownloadTaskViewController.m */,
				6554FC351EB0397300ECD0D2 /* UploadDataViewController.h */,
				6554FC361EB0397300ECD0D2 /* UploadDataViewController.m */,
				6554FC371EB0397300ECD0D2 /* UploadImageReturnViewController.h */,
				6554FC381EB0397300ECD0D2 /* UploadImageReturnViewController.m */,
				6554FC391EB0397300ECD0D2 /* UploadImageViewController.h */,
				6554FC3A1EB0397300ECD0D2 /* UploadImageViewController.m */,
			);
			path = NSURLSession;
			sourceTree = "<group>";
		};
		655BA6DA1E836F1E006EB28B /* Frameworks */ = {
			isa = PBXGroup;
			children = (
				652530E11E9760EC002E9203 /* SystemConfiguration.framework */,
				652530DF1E97209E002E9203 /* CoreTelephony.framework */,
				655BA6DB1E836F1E006EB28B /* QuartzCore.framework */,
				29AF34B2180AAB31E054C71E /* libPods-ClassTest.a */,
			);
			name = Frameworks;
			sourceTree = "<group>";
		};
		65ACE8A51EA6F55E00BE7ED6 /* OtherTest */ = {
			isa = PBXGroup;
			children = (
				6585D5411EB05C1E00BACA41 /* 1.png */,
				65ACE8A61EA6F59300BE7ED6 /* PersonVO.h */,
				65ACE8A71EA6F59300BE7ED6 /* PersonVO.m */,
				65ACE8A81EA6F59300BE7ED6 /* ViewController.h */,
				65ACE8A91EA6F59300BE7ED6 /* ViewController.m */,
			);
			path = OtherTest;
			sourceTree = "<group>";
		};
		65C56E261E668A030052F9F3 = {
			isa = PBXGroup;
			children = (
				65C56E311E668A030052F9F3 /* ClassTest */,
				65C56E301E668A030052F9F3 /* Products */,
				655BA6DA1E836F1E006EB28B /* Frameworks */,
				C9125783E29DB73CFC1267B2 /* Pods */,
			);
			sourceTree = "<group>";
		};
		65C56E301E668A030052F9F3 /* Products */ = {
			isa = PBXGroup;
			children = (
				65C56E2F1E668A030052F9F3 /* 用友CRM.app */,
			);
			name = Products;
			sourceTree = "<group>";
		};
		65C56E311E668A030052F9F3 /* ClassTest */ = {
			isa = PBXGroup;
			children = (
				90DCB02C1EBC216B00AD2546 /* TextTest */,
				90DCB0231EBC213A00AD2546 /* UITableViewTest */,
				6554FC301EB0397300ECD0D2 /* NSURLSession */,
				65ACE8A51EA6F55E00BE7ED6 /* OtherTest */,
				652530D91E971BFC002E9203 /* AuthorityTest */,
				652530D51E948AE6002E9203 /* AFNTest */,
				65C56E351E668A040052F9F3 /* AppDelegate.h */,
				65C56E361E668A040052F9F3 /* AppDelegate.m */,
				65ACE8AC1EA6FB1D00BE7ED6 /* MainViewController.h */,
				65ACE8AD1EA6FB1D00BE7ED6 /* MainViewController.m */,
				65ACE8AE1EA6FB1D00BE7ED6 /* MainViewController.xib */,
				65C56E3B1E668A050052F9F3 /* Main.storyboard */,
				65C56E3E1E668A060052F9F3 /* Assets.xcassets */,
				65C56E401E668A060052F9F3 /* LaunchScreen.storyboard */,
				65C56E431E668A060052F9F3 /* Info.plist */,
				65C56E321E668A040052F9F3 /* Supporting Files */,
			);
			path = ClassTest;
			sourceTree = "<group>";
		};
		65C56E321E668A040052F9F3 /* Supporting Files */ = {
			isa = PBXGroup;
			children = (
				65C56E331E668A040052F9F3 /* main.m */,
			);
			name = "Supporting Files";
			sourceTree = "<group>";
		};
		90DCB0231EBC213A00AD2546 /* UITableViewTest */ = {
			isa = PBXGroup;
			children = (
				90DCB0241EBC213A00AD2546 /* ViewController1.h */,
				90DCB0251EBC213A00AD2546 /* ViewController1.m */,
				90DCB0261EBC213A00AD2546 /* WATableViewCell.h */,
				90DCB0271EBC213A00AD2546 /* WATableViewCell.m */,
				90DCB0281EBC213A00AD2546 /* WATableViewCell.xib */,
			);
			path = UITableViewTest;
			sourceTree = "<group>";
		};
		90DCB02C1EBC216B00AD2546 /* TextTest */ = {
			isa = PBXGroup;
			children = (
				90DCB02D1EBC216B00AD2546 /* myLabel.h */,
				90DCB02E1EBC216B00AD2546 /* myLabel.m */,
				90DCB02F1EBC216B00AD2546 /* UITextViewController.h */,
				90DCB0301EBC216B00AD2546 /* UITextViewController.m */,
				90DCB0311EBC216B00AD2546 /* UITextViewController.xib */,
			);
			path = TextTest;
			sourceTree = "<group>";
		};
		C9125783E29DB73CFC1267B2 /* Pods */ = {
			isa = PBXGroup;
			children = (
				4911D569D5BAD3FB13417BF7 /* Pods-ClassTest.debug.xcconfig */,
				41656C46C90F0CE3FF399075 /* Pods-ClassTest.release.xcconfig */,
			);
			name = Pods;
			sourceTree = "<group>";
		};
/* End PBXGroup section */

/* Begin PBXNativeTarget section */
		65C56E2E1E668A030052F9F3 /* ClassTest */ = {
			isa = PBXNativeTarget;
			buildConfigurationList = 65C56E461E668A060052F9F3 /* Build configuration list for PBXNativeTarget "ClassTest" */;
			buildPhases = (
				461DF2AA3DD7E514B00CEFB9 /* [CP] Check Pods Manifest.lock */,
				65C56E2B1E668A030052F9F3 /* Sources */,
				65C56E2C1E668A030052F9F3 /* Frameworks */,
				65C56E2D1E668A030052F9F3 /* Resources */,
				EA09C076D07B319752A70DFB /* [CP] Embed Pods Frameworks */,
				EC7EA4F959817F94892E3587 /* [CP] Copy Pods Resources */,
			);
			buildRules = (
			);
			dependencies = (
			);
			name = ClassTest;
			productName = ClassTest;
			productReference = 65C56E2F1E668A030052F9F3 /* 用友CRM.app */;
			productType = "com.apple.product-type.application";
		};
/* End PBXNativeTarget section */

/* Begin PBXProject section */
		65C56E271E668A030052F9F3 /* Project object */ = {
			isa = PBXProject;
			attributes = {
				LastUpgradeCheck = 0820;
				ORGANIZATIONNAME = yonyou;
				TargetAttributes = {
					65C56E2E1E668A030052F9F3 = {
						CreatedOnToolsVersion = 8.2;
						ProvisioningStyle = Manual;
					};
				};
			};
			buildConfigurationList = 65C56E2A1E668A030052F9F3 /* Build configuration list for PBXProject "ClassTest" */;
			compatibilityVersion = "Xcode 3.2";
			developmentRegion = English;
			hasScannedForEncodings = 0;
			knownRegions = (
				en,
				Base,
			);
			mainGroup = 65C56E261E668A030052F9F3;
			productRefGroup = 65C56E301E668A030052F9F3 /* Products */;
			projectDirPath = "";
			projectRoot = "";
			targets = (
				65C56E2E1E668A030052F9F3 /* ClassTest */,
			);
		};
/* End PBXProject section */

/* Begin PBXResourcesBuildPhase section */
		65C56E2D1E668A030052F9F3 /* Resources */ = {
			isa = PBXResourcesBuildPhase;
			buildActionMask = 2147483647;
			files = (
				652530DE1E971CA0002E9203 /* AuthorityViewController.xib in Resources */,
				65C56E421E668A060052F9F3 /* LaunchScreen.storyboard in Resources */,
				90DCB02B1EBC213A00AD2546 /* WATableViewCell.xib in Resources */,
				90DCB0341EBC216B00AD2546 /* UITextViewController.xib in Resources */,
				65ACE8B01EA6FB1D00BE7ED6 /* MainViewController.xib in Resources */,
				65C56E3F1E668A060052F9F3 /* Assets.xcassets in Resources */,
				65C56E3D1E668A050052F9F3 /* Main.storyboard in Resources */,
				6585D5421EB05C1E00BACA41 /* 1.png in Resources */,
			);
			runOnlyForDeploymentPostprocessing = 0;
		};
/* End PBXResourcesBuildPhase section */

/* Begin PBXShellScriptBuildPhase section */
		461DF2AA3DD7E514B00CEFB9 /* [CP] Check Pods Manifest.lock */ = {
			isa = PBXShellScriptBuildPhase;
			buildActionMask = 2147483647;
			files = (
			);
			inputPaths = (
			);
			name = "[CP] Check Pods Manifest.lock";
			outputPaths = (
			);
			runOnlyForDeploymentPostprocessing = 0;
			shellPath = /bin/sh;
			shellScript = "diff \"${PODS_ROOT}/../Podfile.lock\" \"${PODS_ROOT}/Manifest.lock\" > /dev/null\nif [ $? != 0 ] ; then\n    # print error to STDERR\n    echo \"error: The sandbox is not in sync with the Podfile.lock. Run 'pod install' or update your CocoaPods installation.\" >&2\n    exit 1\nfi\n";
			showEnvVarsInLog = 0;
		};
		EA09C076D07B319752A70DFB /* [CP] Embed Pods Frameworks */ = {
			isa = PBXShellScriptBuildPhase;
			buildActionMask = 2147483647;
			files = (
			);
			inputPaths = (
			);
			name = "[CP] Embed Pods Frameworks";
			outputPaths = (
			);
			runOnlyForDeploymentPostprocessing = 0;
			shellPath = /bin/sh;
			shellScript = "\"${SRCROOT}/Pods/Target Support Files/Pods-ClassTest/Pods-ClassTest-frameworks.sh\"\n";
			showEnvVarsInLog = 0;
		};
		EC7EA4F959817F94892E3587 /* [CP] Copy Pods Resources */ = {
			isa = PBXShellScriptBuildPhase;
			buildActionMask = 2147483647;
			files = (
			);
			inputPaths = (
			);
			name = "[CP] Copy Pods Resources";
			outputPaths = (
			);
			runOnlyForDeploymentPostprocessing = 0;
			shellPath = /bin/sh;
			shellScript = "\"${SRCROOT}/Pods/Target Support Files/Pods-ClassTest/Pods-ClassTest-resources.sh\"\n";
			showEnvVarsInLog = 0;
		};
/* End PBXShellScriptBuildPhase section */

/* Begin PBXSourcesBuildPhase section */
		65C56E2B1E668A030052F9F3 /* Sources */ = {
			isa = PBXSourcesBuildPhase;
			buildActionMask = 2147483647;
			files = (
				65ACE8AB1EA6F59300BE7ED6 /* ViewController.m in Sources */,
				6554FC3F1EB0397300ECD0D2 /* UploadImageViewController.m in Sources */,
				6554FC3E1EB0397300ECD0D2 /* UploadImageReturnViewController.m in Sources */,
				90DCB0331EBC216B00AD2546 /* UITextViewController.m in Sources */,
				90DCB0291EBC213A00AD2546 /* ViewController1.m in Sources */,
				652530D81E948B12002E9203 /* AFNViewController.m in Sources */,
				90DCB02A1EBC213A00AD2546 /* WATableViewCell.m in Sources */,
				6554FC3D1EB0397300ECD0D2 /* UploadDataViewController.m in Sources */,
				65ACE8AA1EA6F59300BE7ED6 /* PersonVO.m in Sources */,
				90DCB0321EBC216B00AD2546 /* myLabel.m in Sources */,
				65ACE8AF1EA6FB1D00BE7ED6 /* MainViewController.m in Sources */,
				6554FC3C1EB0397300ECD0D2 /* DownloadTaskViewController.m in Sources */,
				652530DD1E971CA0002E9203 /* AuthorityViewController.m in Sources */,
				65C56E371E668A040052F9F3 /* AppDelegate.m in Sources */,
				6554FC3B1EB0397300ECD0D2 /* DataTaskViewController.m in Sources */,
				65C56E341E668A040052F9F3 /* main.m in Sources */,
			);
			runOnlyForDeploymentPostprocessing = 0;
		};
/* End PBXSourcesBuildPhase section */

/* Begin PBXVariantGroup section */
		65C56E3B1E668A050052F9F3 /* Main.storyboard */ = {
			isa = PBXVariantGroup;
			children = (
				65C56E3C1E668A050052F9F3 /* Base */,
			);
			name = Main.storyboard;
			sourceTree = "<group>";
		};
		65C56E401E668A060052F9F3 /* LaunchScreen.storyboard */ = {
			isa = PBXVariantGroup;
			children = (
				65C56E411E668A060052F9F3 /* Base */,
			);
			name = LaunchScreen.storyboard;
			sourceTree = "<group>";
		};
/* End PBXVariantGroup section */

/* Begin XCBuildConfiguration section */
		65C56E441E668A060052F9F3 /* Debug */ = {
			isa = XCBuildConfiguration;
			buildSettings = {
				ALWAYS_SEARCH_USER_PATHS = NO;
				CLANG_ANALYZER_NONNULL = YES;
				CLANG_CXX_LANGUAGE_STANDARD = "gnu++0x";
				CLANG_CXX_LIBRARY = "libc++";
				CLANG_ENABLE_MODULES = YES;
				CLANG_ENABLE_OBJC_ARC = YES;
				CLANG_WARN_BOOL_CONVERSION = YES;
				CLANG_WARN_CONSTANT_CONVERSION = YES;
				CLANG_WARN_DIRECT_OBJC_ISA_USAGE = YES_ERROR;
				CLANG_WARN_DOCUMENTATION_COMMENTS = YES;
				CLANG_WARN_EMPTY_BODY = YES;
				CLANG_WARN_ENUM_CONVERSION = YES;
				CLANG_WARN_INFINITE_RECURSION = YES;
				CLANG_WARN_INT_CONVERSION = YES;
				CLANG_WARN_OBJC_ROOT_CLASS = YES_ERROR;
				CLANG_WARN_SUSPICIOUS_MOVE = YES;
				CLANG_WARN_UNREACHABLE_CODE = YES;
				CLANG_WARN__DUPLICATE_METHOD_MATCH = YES;
				CODE_SIGN_IDENTITY = "iPhone Developer: JIN ZHANG (4A7BCF36NN)";
				"CODE_SIGN_IDENTITY[sdk=iphoneos*]" = "iPhone Developer: JIN ZHANG (4A7BCF36NN)";
				COPY_PHASE_STRIP = NO;
				DEBUG_INFORMATION_FORMAT = dwarf;
				ENABLE_STRICT_OBJC_MSGSEND = YES;
				ENABLE_TESTABILITY = YES;
				GCC_C_LANGUAGE_STANDARD = gnu99;
				GCC_DYNAMIC_NO_PIC = NO;
				GCC_NO_COMMON_BLOCKS = YES;
				GCC_OPTIMIZATION_LEVEL = 0;
				GCC_PREPROCESSOR_DEFINITIONS = (
					"DEBUG=1",
					"$(inherited)",
				);
				GCC_WARN_64_TO_32_BIT_CONVERSION = YES;
				GCC_WARN_ABOUT_RETURN_TYPE = YES_ERROR;
				GCC_WARN_UNDECLARED_SELECTOR = YES;
				GCC_WARN_UNINITIALIZED_AUTOS = YES_AGGRESSIVE;
				GCC_WARN_UNUSED_FUNCTION = YES;
				GCC_WARN_UNUSED_VARIABLE = YES;
				IPHONEOS_DEPLOYMENT_TARGET = 10.0;
				MTL_ENABLE_DEBUG_INFO = YES;
				ONLY_ACTIVE_ARCH = YES;
				PROVISIONING_PROFILE = "33339f03-e549-4427-adcb-7a627cbbfec1";
				PROVISIONING_PROFILE_SPECIFIER = "0183a75d-13b5-42e4-8102-f88336a305a9";
				SDKROOT = iphoneos;
			};
			name = Debug;
		};
		65C56E451E668A060052F9F3 /* Release */ = {
			isa = XCBuildConfiguration;
			buildSettings = {
				ALWAYS_SEARCH_USER_PATHS = NO;
				CLANG_ANALYZER_NONNULL = YES;
				CLANG_CXX_LANGUAGE_STANDARD = "gnu++0x";
				CLANG_CXX_LIBRARY = "libc++";
				CLANG_ENABLE_MODULES = YES;
				CLANG_ENABLE_OBJC_ARC = YES;
				CLANG_WARN_BOOL_CONVERSION = YES;
				CLANG_WARN_CONSTANT_CONVERSION = YES;
				CLANG_WARN_DIRECT_OBJC_ISA_USAGE = YES_ERROR;
				CLANG_WARN_DOCUMENTATION_COMMENTS = YES;
				CLANG_WARN_EMPTY_BODY = YES;
				CLANG_WARN_ENUM_CONVERSION = YES;
				CLANG_WARN_INFINITE_RECURSION = YES;
				CLANG_WARN_INT_CONVERSION = YES;
				CLANG_WARN_OBJC_ROOT_CLASS = YES_ERROR;
				CLANG_WARN_SUSPICIOUS_MOVE = YES;
				CLANG_WARN_UNREACHABLE_CODE = YES;
				CLANG_WARN__DUPLICATE_METHOD_MATCH = YES;
				"CODE_SIGN_IDENTITY[sdk=iphoneos*]" = "iPhone Developer";
				COPY_PHASE_STRIP = NO;
				DEBUG_INFORMATION_FORMAT = "dwarf-with-dsym";
				ENABLE_NS_ASSERTIONS = NO;
				ENABLE_STRICT_OBJC_MSGSEND = YES;
				GCC_C_LANGUAGE_STANDARD = gnu99;
				GCC_NO_COMMON_BLOCKS = YES;
				GCC_WARN_64_TO_32_BIT_CONVERSION = YES;
				GCC_WARN_ABOUT_RETURN_TYPE = YES_ERROR;
				GCC_WARN_UNDECLARED_SELECTOR = YES;
				GCC_WARN_UNINITIALIZED_AUTOS = YES_AGGRESSIVE;
				GCC_WARN_UNUSED_FUNCTION = YES;
				GCC_WARN_UNUSED_VARIABLE = YES;
				IPHONEOS_DEPLOYMENT_TARGET = 10.0;
				MTL_ENABLE_DEBUG_INFO = NO;
				PROVISIONING_PROFILE = "33339f03-e549-4427-adcb-7a627cbbfec1";
				PROVISIONING_PROFILE_SPECIFIER = "0183a75d-13b5-42e4-8102-f88336a305a9";
				SDKROOT = iphoneos;
				VALIDATE_PRODUCT = YES;
			};
			name = Release;
		};
		65C56E471E668A060052F9F3 /* Debug */ = {
			isa = XCBuildConfiguration;
			baseConfigurationReference = 4911D569D5BAD3FB13417BF7 /* Pods-ClassTest.debug.xcconfig */;
			buildSettings = {
				ASSETCATALOG_COMPILER_APPICON_NAME = AppIcon;
				CODE_SIGN_IDENTITY = "iPhone Developer: JIN ZHANG (4A7BCF36NN)";
				DEVELOPMENT_TEAM = "";
				ENABLE_BITCODE = NO;
				INFOPLIST_FILE = ClassTest/Info.plist;
				IPHONEOS_DEPLOYMENT_TARGET = 9.0;
				LD_RUNPATH_SEARCH_PATHS = "$(inherited) @executable_path/Frameworks";
				PRODUCT_BUNDLE_IDENTIFIER = com.yonyou.app.ClassTest;
				PRODUCT_NAME = "用友CRM";
				PROVISIONING_PROFILE = "33339f03-e549-4427-adcb-7a627cbbfec1";
				PROVISIONING_PROFILE_SPECIFIER = WATest_DEV_299_20161101;
			};
			name = Debug;
		};
		65C56E481E668A060052F9F3 /* Release */ = {
			isa = XCBuildConfiguration;
			baseConfigurationReference = 41656C46C90F0CE3FF399075 /* Pods-ClassTest.release.xcconfig */;
			buildSettings = {
				ASSETCATALOG_COMPILER_APPICON_NAME = AppIcon;
				DEVELOPMENT_TEAM = "";
				ENABLE_BITCODE = NO;
				INFOPLIST_FILE = ClassTest/Info.plist;
				IPHONEOS_DEPLOYMENT_TARGET = 9.0;
				LD_RUNPATH_SEARCH_PATHS = "$(inherited) @executable_path/Frameworks";
				PRODUCT_BUNDLE_IDENTIFIER = com.yonyou.app.ClassTest;
				PRODUCT_NAME = "用友CRM";
				PROVISIONING_PROFILE = "33339f03-e549-4427-adcb-7a627cbbfec1";
				PROVISIONING_PROFILE_SPECIFIER = WATest_DEV_299_20161101;
			};
			name = Release;
		};
/* End XCBuildConfiguration section */

/* Begin XCConfigurationList section */
		65C56E2A1E668A030052F9F3 /* Build configuration list for PBXProject "ClassTest" */ = {
			isa = XCConfigurationList;
			buildConfigurations = (
				65C56E441E668A060052F9F3 /* Debug */,
				65C56E451E668A060052F9F3 /* Release */,
			);
			defaultConfigurationIsVisible = 0;
			defaultConfigurationName = Release;
		};
		65C56E461E668A060052F9F3 /* Build configuration list for PBXNativeTarget "ClassTest" */ = {
			isa = XCConfigurationList;
			buildConfigurations = (
				65C56E471E668A060052F9F3 /* Debug */,
				65C56E481E668A060052F9F3 /* Release */,
			);
			defaultConfigurationIsVisible = 0;
			defaultConfigurationName = Release;
		};
/* End XCConfigurationList section */
	};
	rootObject = 65C56E271E668A030052F9F3 /* Project object */;
}
